
Microsoft Visual Studio Solution File, Format Version 12.00
# Visual Studio Version 17
VisualStudioVersion = 17.6.33723.286
MinimumVisualStudioVersion = 10.0.40219.1
Project("{9A19103F-16F7-4668-BE54-9A1E7A4F7556}") = "Lab12", "Lab12\Lab12.csproj", "{E0CA0970-E94C-4F3C-BBAC-945B97D06652}"
EndProject
Project("{FAE04EC0-301F-11D3-BF4B-00C04F79EFBC}") = "TestProject1", "TestProject1\TestProject1.csproj", "{8024B608-B2EC-4D34-B791-CA8B6DE9764A}"
EndProject
Global
	GlobalSection(SolutionConfigurationPlatforms) = preSolution
		Debug|Any CPU = Debug|Any CPU
		Release|Any CPU = Release|Any CPU
	EndGlobalSection
	GlobalSection(ProjectConfigurationPlatforms) = postSolution
		{E0CA0970-E94C-4F3C-BBAC-945B97D06652}.Debug|Any CPU.ActiveCfg = Debug|Any CPU
		{E0CA0970-E94C-4F3C-BBAC-945B97D06652}.Debug|Any CPU.Build.0 = Debug|Any CPU
		{E0CA0970-E94C-4F3C-BBAC-945B97D06652}.Release|Any CPU.ActiveCfg = Release|Any CPU
		{E0CA0970-E94C-4F3C-BBAC-945B97D06652}.Release|Any CPU.Build.0 = Release|Any CPU
		{8024B608-B2EC-4D34-B791-CA8B6DE9764A}.Debug|Any CPU.ActiveCfg = Debug|Any CPU
		{8024B608-B2EC-4D34-B791-CA8B6DE9764A}.Debug|Any CPU.Build.0 = Debug|Any CPU
		{8024B608-B2EC-4D34-B791-CA8B6DE9764A}.Release|Any CPU.ActiveCfg = Release|Any CPU
		{8024B608-B2EC-4D34-B791-CA8B6DE9764A}.Release|Any CPU.Build.0 = Release|Any CPU
	EndGlobalSection
	GlobalSection(SolutionProperties) = preSolution
		HideSolutionNode = FALSE
	EndGlobalSection
	GlobalSection(ExtensibilityGlobals) = postSolution
		SolutionGuid = {11CBA32E-09B8-47A2-8355-0CC16E1052E8}
	EndGlobalSection
EndGlobal
